
Microsoft Visual Studio Solution File, Format Version 12.00
# Visual Studio 14
VisualStudioVersion = 14.0.23107.0
MinimumVisualStudioVersion = 10.0.40219.1
Project("{FAE04EC0-301F-11D3-BF4B-00C04F79EFBC}") = "SR22002_RC22009_GL08_GUIA03_EJE12", "SR22002_RC22009_GL08_GUIA03_EJE12\SR22002_RC22009_GL08_GUIA03_EJE12.csproj", "{FBFE915F-A78E-46F0-A9CC-CCFACE682C2B}"
EndProject
Global
	GlobalSection(SolutionConfigurationPlatforms) = preSolution
		Debug|Any CPU = Debug|Any CPU
		Release|Any CPU = Release|Any CPU
	EndGlobalSection
	GlobalSection(ProjectConfigurationPlatforms) = postSolution
		{FBFE915F-A78E-46F0-A9CC-CCFACE682C2B}.Debug|Any CPU.ActiveCfg = Debug|Any CPU
		{FBFE915F-A78E-46F0-A9CC-CCFACE682C2B}.Debug|Any CPU.Build.0 = Debug|Any CPU
		{FBFE915F-A78E-46F0-A9CC-CCFACE682C2B}.Release|Any CPU.ActiveCfg = Release|Any CPU
		{FBFE915F-A78E-46F0-A9CC-CCFACE682C2B}.Release|Any CPU.Build.0 = Release|Any CPU
	EndGlobalSection
	GlobalSection(SolutionProperties) = preSolution
		HideSolutionNode = FALSE
	EndGlobalSection
EndGlobal
