
Microsoft Visual Studio Solution File, Format Version 12.00
# Visual Studio 14
VisualStudioVersion = 14.0.23107.0
MinimumVisualStudioVersion = 10.0.40219.1
Project("{FAE04EC0-301F-11D3-BF4B-00C04F79EFBC}") = "RC22009-SP22002,GL06GUIA03-Ee5", "RC22009-SP22002,GL06GUIA03-Ee5\RC22009-SP22002,GL06GUIA03-Ee5.csproj", "{36ADA21F-2731-4A80-942D-C00C86D02827}"
EndProject
Global
	GlobalSection(SolutionConfigurationPlatforms) = preSolution
		Debug|Any CPU = Debug|Any CPU
		Release|Any CPU = Release|Any CPU
	EndGlobalSection
	GlobalSection(ProjectConfigurationPlatforms) = postSolution
		{36ADA21F-2731-4A80-942D-C00C86D02827}.Debug|Any CPU.ActiveCfg = Debug|Any CPU
		{36ADA21F-2731-4A80-942D-C00C86D02827}.Debug|Any CPU.Build.0 = Debug|Any CPU
		{36ADA21F-2731-4A80-942D-C00C86D02827}.Release|Any CPU.ActiveCfg = Release|Any CPU
		{36ADA21F-2731-4A80-942D-C00C86D02827}.Release|Any CPU.Build.0 = Release|Any CPU
	EndGlobalSection
	GlobalSection(SolutionProperties) = preSolution
		HideSolutionNode = FALSE
	EndGlobalSection
EndGlobal
