
Microsoft Visual Studio Solution File, Format Version 12.00
# Visual Studio 14
VisualStudioVersion = 14.0.23107.0
MinimumVisualStudioVersion = 10.0.40219.1
Project("{FAE04EC0-301F-11D3-BF4B-00C04F79EFBC}") = "RC22009-GUIA2-EJ1", "RC22009-GUIA2-EJ1\RC22009-GUIA2-EJ1.csproj", "{F0A9B872-B70B-4CFE-B11D-1CCD808092F6}"
EndProject
Global
	GlobalSection(SolutionConfigurationPlatforms) = preSolution
		Debug|Any CPU = Debug|Any CPU
		Release|Any CPU = Release|Any CPU
	EndGlobalSection
	GlobalSection(ProjectConfigurationPlatforms) = postSolution
		{F0A9B872-B70B-4CFE-B11D-1CCD808092F6}.Debug|Any CPU.ActiveCfg = Debug|Any CPU
		{F0A9B872-B70B-4CFE-B11D-1CCD808092F6}.Debug|Any CPU.Build.0 = Debug|Any CPU
		{F0A9B872-B70B-4CFE-B11D-1CCD808092F6}.Release|Any CPU.ActiveCfg = Release|Any CPU
		{F0A9B872-B70B-4CFE-B11D-1CCD808092F6}.Release|Any CPU.Build.0 = Release|Any CPU
	EndGlobalSection
	GlobalSection(SolutionProperties) = preSolution
		HideSolutionNode = FALSE
	EndGlobalSection
EndGlobal
